
Microsoft Visual Studio Solution File, Format Version 12.00
# Visual Studio Version 17
VisualStudioVersion = 17.13.35931.197 d17.13
MinimumVisualStudioVersion = 10.0.40219.1
Project("{FAE04EC0-301F-11D3-BF4B-00C04F79EFBC}") = "CustomGameSpeed", "CustomGameSpeed.csproj", "{3D011369-A82E-4ED5-9F25-7DDF74B4E0DB}"
EndProject
Global
	GlobalSection(SolutionConfigurationPlatforms) = preSolution
		Debug|Any CPU = Debug|Any CPU
		Release|Any CPU = Release|Any CPU
	EndGlobalSection
	GlobalSection(ProjectConfigurationPlatforms) = postSolution
		{3D011369-A82E-4ED5-9F25-7DDF74B4E0DB}.Debug|Any CPU.ActiveCfg = Debug|Any CPU
		{3D011369-A82E-4ED5-9F25-7DDF74B4E0DB}.Debug|Any CPU.Build.0 = Debug|Any CPU
		{3D011369-A82E-4ED5-9F25-7DDF74B4E0DB}.Release|Any CPU.ActiveCfg = Release|Any CPU
		{3D011369-A82E-4ED5-9F25-7DDF74B4E0DB}.Release|Any CPU.Build.0 = Release|Any CPU
	EndGlobalSection
	GlobalSection(SolutionProperties) = preSolution
		HideSolutionNode = FALSE
	EndGlobalSection
	GlobalSection(ExtensibilityGlobals) = postSolution
		SolutionGuid = {EFD47E19-2A67-4810-882A-8DCD3EA1F8CF}
	EndGlobalSection
EndGlobal
